
Microsoft Visual Studio Solution File, Format Version 12.00
# Visual Studio Version 16
VisualStudioVersion = 16.0.31205.134
MinimumVisualStudioVersion = 10.0.40219.1
Project("{FAE04EC0-301F-11D3-BF4B-00C04F79EFBC}") = "VueJSDotnet_test2", "VueJSDotnet_test2\VueJSDotnet_test2.csproj", "{59B57B09-BC3D-46F3-9061-E9B5E1AF7AF7}"
EndProject
Global
	GlobalSection(SolutionConfigurationPlatforms) = preSolution
		Debug|Any CPU = Debug|Any CPU
		Release|Any CPU = Release|Any CPU
	EndGlobalSection
	GlobalSection(ProjectConfigurationPlatforms) = postSolution
		{59B57B09-BC3D-46F3-9061-E9B5E1AF7AF7}.Debug|Any CPU.ActiveCfg = Debug|Any CPU
		{59B57B09-BC3D-46F3-9061-E9B5E1AF7AF7}.Debug|Any CPU.Build.0 = Debug|Any CPU
		{59B57B09-BC3D-46F3-9061-E9B5E1AF7AF7}.Release|Any CPU.ActiveCfg = Release|Any CPU
		{59B57B09-BC3D-46F3-9061-E9B5E1AF7AF7}.Release|Any CPU.Build.0 = Release|Any CPU
	EndGlobalSection
	GlobalSection(SolutionProperties) = preSolution
		HideSolutionNode = FALSE
	EndGlobalSection
	GlobalSection(ExtensibilityGlobals) = postSolution
		SolutionGuid = {5DC889E1-DF25-4977-8556-99E869DDA1E7}
	EndGlobalSection
EndGlobal
